
Microsoft Visual Studio Solution File, Format Version 12.00
# Visual Studio Version 17
VisualStudioVersion = 17.13.35825.156 d17.13
MinimumVisualStudioVersion = 10.0.40219.1
Project("{FAE04EC0-301F-11D3-BF4B-00C04F79EFBC}") = "Events", "Events\Events.csproj", "{BED34D3F-253D-4D8D-8D73-3998CA4F6701}"
EndProject
Project("{FAE04EC0-301F-11D3-BF4B-00C04F79EFBC}") = "Events.Application", "Events.Application\Events.Application.csproj", "{BE68E11F-1451-43F1-BCC4-337FB4D7A4DF}"
EndProject
Project("{FAE04EC0-301F-11D3-BF4B-00C04F79EFBC}") = "Events.Core", "Events.Core\Events.Core.csproj", "{58023D39-96BB-4BF1-9729-18D503FA44AD}"
EndProject
Project("{FAE04EC0-301F-11D3-BF4B-00C04F79EFBC}") = "Events.Data", "Events.Data\Events.Data.csproj", "{64372388-FEA2-4F44-B0F7-7D80D438A228}"
EndProject
Project("{FAE04EC0-301F-11D3-BF4B-00C04F79EFBC}") = "Events.Test", "Events.Test\Events.Test.csproj", "{E52690A3-F014-46C7-B632-F8F9AE034ACE}"
EndProject
Global
	GlobalSection(SolutionConfigurationPlatforms) = preSolution
		Debug|Any CPU = Debug|Any CPU
		Release|Any CPU = Release|Any CPU
	EndGlobalSection
	GlobalSection(ProjectConfigurationPlatforms) = postSolution
		{BED34D3F-253D-4D8D-8D73-3998CA4F6701}.Debug|Any CPU.ActiveCfg = Debug|Any CPU
		{BED34D3F-253D-4D8D-8D73-3998CA4F6701}.Debug|Any CPU.Build.0 = Debug|Any CPU
		{BED34D3F-253D-4D8D-8D73-3998CA4F6701}.Release|Any CPU.ActiveCfg = Release|Any CPU
		{BED34D3F-253D-4D8D-8D73-3998CA4F6701}.Release|Any CPU.Build.0 = Release|Any CPU
		{BE68E11F-1451-43F1-BCC4-337FB4D7A4DF}.Debug|Any CPU.ActiveCfg = Debug|Any CPU
		{BE68E11F-1451-43F1-BCC4-337FB4D7A4DF}.Debug|Any CPU.Build.0 = Debug|Any CPU
		{BE68E11F-1451-43F1-BCC4-337FB4D7A4DF}.Release|Any CPU.ActiveCfg = Release|Any CPU
		{BE68E11F-1451-43F1-BCC4-337FB4D7A4DF}.Release|Any CPU.Build.0 = Release|Any CPU
		{58023D39-96BB-4BF1-9729-18D503FA44AD}.Debug|Any CPU.ActiveCfg = Debug|Any CPU
		{58023D39-96BB-4BF1-9729-18D503FA44AD}.Debug|Any CPU.Build.0 = Debug|Any CPU
		{58023D39-96BB-4BF1-9729-18D503FA44AD}.Release|Any CPU.ActiveCfg = Release|Any CPU
		{58023D39-96BB-4BF1-9729-18D503FA44AD}.Release|Any CPU.Build.0 = Release|Any CPU
		{64372388-FEA2-4F44-B0F7-7D80D438A228}.Debug|Any CPU.ActiveCfg = Debug|Any CPU
		{64372388-FEA2-4F44-B0F7-7D80D438A228}.Debug|Any CPU.Build.0 = Debug|Any CPU
		{64372388-FEA2-4F44-B0F7-7D80D438A228}.Release|Any CPU.ActiveCfg = Release|Any CPU
		{64372388-FEA2-4F44-B0F7-7D80D438A228}.Release|Any CPU.Build.0 = Release|Any CPU
		{E52690A3-F014-46C7-B632-F8F9AE034ACE}.Debug|Any CPU.ActiveCfg = Debug|Any CPU
		{E52690A3-F014-46C7-B632-F8F9AE034ACE}.Debug|Any CPU.Build.0 = Debug|Any CPU
		{E52690A3-F014-46C7-B632-F8F9AE034ACE}.Release|Any CPU.ActiveCfg = Release|Any CPU
		{E52690A3-F014-46C7-B632-F8F9AE034ACE}.Release|Any CPU.Build.0 = Release|Any CPU
	EndGlobalSection
	GlobalSection(SolutionProperties) = preSolution
		HideSolutionNode = FALSE
	EndGlobalSection
	GlobalSection(ExtensibilityGlobals) = postSolution
		SolutionGuid = {4E16C723-A680-4A1F-9303-765B2208F320}
	EndGlobalSection
EndGlobal
